
Microsoft Visual Studio Solution File, Format Version 12.00
# Visual Studio Version 17
VisualStudioVersion = 17.7.34302.85
MinimumVisualStudioVersion = 10.0.40219.1
Project("{FAE04EC0-301F-11D3-BF4B-00C04F79EFBC}") = "Competition_Task", "Competition_Task\Competition_Task.csproj", "{B5083BE7-D105-4BFF-A693-146487FC12BE}"
EndProject
Global
	GlobalSection(SolutionConfigurationPlatforms) = preSolution
		Debug|Any CPU = Debug|Any CPU
		Release|Any CPU = Release|Any CPU
	EndGlobalSection
	GlobalSection(ProjectConfigurationPlatforms) = postSolution
		{B5083BE7-D105-4BFF-A693-146487FC12BE}.Debug|Any CPU.ActiveCfg = Debug|Any CPU
		{B5083BE7-D105-4BFF-A693-146487FC12BE}.Debug|Any CPU.Build.0 = Debug|Any CPU
		{B5083BE7-D105-4BFF-A693-146487FC12BE}.Release|Any CPU.ActiveCfg = Release|Any CPU
		{B5083BE7-D105-4BFF-A693-146487FC12BE}.Release|Any CPU.Build.0 = Release|Any CPU
	EndGlobalSection
	GlobalSection(SolutionProperties) = preSolution
		HideSolutionNode = FALSE
	EndGlobalSection
	GlobalSection(ExtensibilityGlobals) = postSolution
		SolutionGuid = {17B3B6EB-974A-4FA1-AF4C-91B2FAF5148A}
	EndGlobalSection
EndGlobal
